
Microsoft Visual Studio Solution File, Format Version 9.00
# Visual Studio 2005
Project("{8BC9CEB8-8B4A-11D0-8D11-00A0C91BC942}") = "imageSequenceLabeler", "apps\gui\imageSequenceLabeler.vcproj", "{91796123-0254-44AC-8187-DE51A0D36191}"
EndProject
Project("{8BC9CEB8-8B4A-11D0-8D11-00A0C91BC942}") = "pointCloudViewer", "apps\gui\pointCloudViewer.vcproj", "{5C1B0AD5-CA2F-4C74-9AE0-4335D6AC6379}"
EndProject
Project("{8BC9CEB8-8B4A-11D0-8D11-00A0C91BC942}") = "regionLabeler", "apps\gui\regionLabeler.vcproj", "{DABDBC4C-0813-42D2-B425-A44AE2C5C444}"
EndProject
Project("{8BC9CEB8-8B4A-11D0-8D11-00A0C91BC942}") = "buildPatchDictionary", "apps\vision\buildPatchDictionary.vcproj", "{0E8D6154-A945-461B-B25A-BF504DF02824}"
EndProject
Project("{8BC9CEB8-8B4A-11D0-8D11-00A0C91BC942}") = "buildPatchResponseCache", "apps\vision\buildPatchResponseCache.vcproj", "{DC44CC8E-EA3E-4693-9F91-1411A63A2B62}"
EndProject
Project("{8BC9CEB8-8B4A-11D0-8D11-00A0C91BC942}") = "buildTrainingImageDataset", "apps\vision\buildTrainingImageDataset.vcproj", "{7BE52BB4-8B80-4321-B214-7EA68A6C0944}"
EndProject
Project("{8BC9CEB8-8B4A-11D0-8D11-00A0C91BC942}") = "classifyImages", "apps\vision\classifyImage.vcproj", "{E6827004-0CDD-4862-B52D-93F050983F37}"
EndProject
Project("{8BC9CEB8-8B4A-11D0-8D11-00A0C91BC942}") = "dumpVideoFrames", "apps\vision\dumpVideoFrames.vcproj", "{7409A65A-5758-45A0-95FB-4B37BD81A3D0}"
EndProject
Project("{8BC9CEB8-8B4A-11D0-8D11-00A0C91BC942}") = "images2video", "apps\vision\images2video.vcproj", "{222D4BF6-6261-4378-AECA-E48949BF3C34}"
EndProject
Project("{8BC9CEB8-8B4A-11D0-8D11-00A0C91BC942}") = "mrfDepthSmooth", "apps\vision\mrfDepthSmooth.vcproj", "{B63D6BA1-0538-4B03-8F8A-3B8A1CB2D172}"
EndProject
Project("{8BC9CEB8-8B4A-11D0-8D11-00A0C91BC942}") = "trainObjectDetector", "apps\vision\trainObjectDetector.vcproj", "{F033453C-311B-4D3C-B11A-C473374570BA}"
EndProject
Project("{8BC9CEB8-8B4A-11D0-8D11-00A0C91BC942}") = "scoreDetections", "apps\vision\scoreDetections.vcproj", "{F2BED60C-7340-4A77-B4F1-F60413645D4C}"
EndProject
Project("{8BC9CEB8-8B4A-11D0-8D11-00A0C91BC942}") = "visualizePatchDictionary", "apps\vision\visualizePatchDictionary.vcproj", "{0F5A8E7D-1A65-44D7-B3E9-53B6923ED661}"
EndProject
Project("{8BC9CEB8-8B4A-11D0-8D11-00A0C91BC942}") = "dir2imageSeq", "apps\vision\dir2imageSeq.vcproj", "{5D8A5F08-879B-4F12-87DC-8DA0D85F9BB0}"
EndProject
Project("{8BC9CEB8-8B4A-11D0-8D11-00A0C91BC942}") = "trainClassifier", "msvc\trainClassifier.vcproj", "{EDEAFFBB-6115-497D-B899-4F4359D35B22}"
EndProject
Project("{8BC9CEB8-8B4A-11D0-8D11-00A0C91BC942}") = "evalClassifier", "msvc\evalClassifier.vcproj", "{DE187166-73EB-4415-9646-A0EF711800CB}"
EndProject
Project("{8BC9CEB8-8B4A-11D0-8D11-00A0C91BC942}") = "crfInfer", "msvc\crfInfer.vcproj", "{5F990787-D2F1-4678-800A-D3226ED9AF5B}"
EndProject
Project("{8BC9CEB8-8B4A-11D0-8D11-00A0C91BC942}") = "crfLearn", "msvc\crfLearn.vcproj", "{415B2136-2CED-41F7-948B-9BCE617CCCCD}"
EndProject
Project("{8BC9CEB8-8B4A-11D0-8D11-00A0C91BC942}") = "generateFolds", "apps\vision\generateFolds.vcproj", "{55B1ED5C-FD8D-4B36-8381-2A179956E43C}"
EndProject
Project("{8BC9CEB8-8B4A-11D0-8D11-00A0C91BC942}") = "combineDictionaries", "apps\vision\combineDictionaries.vcproj", "{5990A6F1-2336-4007-8717-A3F7E30815A3}"
EndProject
Project("{8BC9CEB8-8B4A-11D0-8D11-00A0C91BC942}") = "segImageExtractFeatures", "msvc\segImageExtractFeatures.vcproj", "{A5C751B2-F499-4736-98EF-4CBD9F701C1D}"
EndProject
Project("{8BC9CEB8-8B4A-11D0-8D11-00A0C91BC942}") = "segImageTrainBoostedFeatures", "msvc\segImageTrainBoostedFeatures.vcproj", "{0867B2AB-4884-42EA-815F-D0ED8CA8F313}"
EndProject
Project("{8BC9CEB8-8B4A-11D0-8D11-00A0C91BC942}") = "segImageEvalBoostedFeatures", "msvc\segImageEvalBoostedFeatures.vcproj", "{A3012618-61D3-4308-9117-0365411524FB}"
EndProject
Project("{8BC9CEB8-8B4A-11D0-8D11-00A0C91BC942}") = "segImageTrainModel", "msvc\segImageTrainModel.vcproj", "{55E44C23-759F-46F0-A6C1-0C8709FFC081}"
EndProject
Project("{8BC9CEB8-8B4A-11D0-8D11-00A0C91BC942}") = "segImageEvalModel", "msvc\segImageEvalModel.vcproj", "{16022BEA-8919-4126-B313-BB385808E220}"
EndProject
Global
	GlobalSection(SolutionConfigurationPlatforms) = preSolution
		Debug|Win32 = Debug|Win32
		Release|Win32 = Release|Win32
	EndGlobalSection
	GlobalSection(ProjectConfigurationPlatforms) = postSolution
		{91796123-0254-44AC-8187-DE51A0D36191}.Debug|Win32.ActiveCfg = Debug|Win32
		{91796123-0254-44AC-8187-DE51A0D36191}.Debug|Win32.Build.0 = Debug|Win32
		{91796123-0254-44AC-8187-DE51A0D36191}.Release|Win32.ActiveCfg = Release|Win32
		{91796123-0254-44AC-8187-DE51A0D36191}.Release|Win32.Build.0 = Release|Win32
		{5C1B0AD5-CA2F-4C74-9AE0-4335D6AC6379}.Debug|Win32.ActiveCfg = Debug|Win32
		{5C1B0AD5-CA2F-4C74-9AE0-4335D6AC6379}.Debug|Win32.Build.0 = Debug|Win32
		{5C1B0AD5-CA2F-4C74-9AE0-4335D6AC6379}.Release|Win32.ActiveCfg = Release|Win32
		{5C1B0AD5-CA2F-4C74-9AE0-4335D6AC6379}.Release|Win32.Build.0 = Release|Win32
		{DABDBC4C-0813-42D2-B425-A44AE2C5C444}.Debug|Win32.ActiveCfg = Debug|Win32
		{DABDBC4C-0813-42D2-B425-A44AE2C5C444}.Debug|Win32.Build.0 = Debug|Win32
		{DABDBC4C-0813-42D2-B425-A44AE2C5C444}.Release|Win32.ActiveCfg = Release|Win32
		{DABDBC4C-0813-42D2-B425-A44AE2C5C444}.Release|Win32.Build.0 = Release|Win32
		{0E8D6154-A945-461B-B25A-BF504DF02824}.Debug|Win32.ActiveCfg = Debug|Win32
		{0E8D6154-A945-461B-B25A-BF504DF02824}.Debug|Win32.Build.0 = Debug|Win32
		{0E8D6154-A945-461B-B25A-BF504DF02824}.Release|Win32.ActiveCfg = Release|Win32
		{0E8D6154-A945-461B-B25A-BF504DF02824}.Release|Win32.Build.0 = Release|Win32
		{DC44CC8E-EA3E-4693-9F91-1411A63A2B62}.Debug|Win32.ActiveCfg = Debug|Win32
		{DC44CC8E-EA3E-4693-9F91-1411A63A2B62}.Debug|Win32.Build.0 = Debug|Win32
		{DC44CC8E-EA3E-4693-9F91-1411A63A2B62}.Release|Win32.ActiveCfg = Release|Win32
		{DC44CC8E-EA3E-4693-9F91-1411A63A2B62}.Release|Win32.Build.0 = Release|Win32
		{7BE52BB4-8B80-4321-B214-7EA68A6C0944}.Debug|Win32.ActiveCfg = Debug|Win32
		{7BE52BB4-8B80-4321-B214-7EA68A6C0944}.Debug|Win32.Build.0 = Debug|Win32
		{7BE52BB4-8B80-4321-B214-7EA68A6C0944}.Release|Win32.ActiveCfg = Release|Win32
		{7BE52BB4-8B80-4321-B214-7EA68A6C0944}.Release|Win32.Build.0 = Release|Win32
		{E6827004-0CDD-4862-B52D-93F050983F37}.Debug|Win32.ActiveCfg = Debug|Win32
		{E6827004-0CDD-4862-B52D-93F050983F37}.Debug|Win32.Build.0 = Debug|Win32
		{E6827004-0CDD-4862-B52D-93F050983F37}.Release|Win32.ActiveCfg = Release|Win32
		{E6827004-0CDD-4862-B52D-93F050983F37}.Release|Win32.Build.0 = Release|Win32
		{7409A65A-5758-45A0-95FB-4B37BD81A3D0}.Debug|Win32.ActiveCfg = Debug|Win32
		{7409A65A-5758-45A0-95FB-4B37BD81A3D0}.Debug|Win32.Build.0 = Debug|Win32
		{7409A65A-5758-45A0-95FB-4B37BD81A3D0}.Release|Win32.ActiveCfg = Release|Win32
		{7409A65A-5758-45A0-95FB-4B37BD81A3D0}.Release|Win32.Build.0 = Release|Win32
		{222D4BF6-6261-4378-AECA-E48949BF3C34}.Debug|Win32.ActiveCfg = Debug|Win32
		{222D4BF6-6261-4378-AECA-E48949BF3C34}.Debug|Win32.Build.0 = Debug|Win32
		{222D4BF6-6261-4378-AECA-E48949BF3C34}.Release|Win32.ActiveCfg = Release|Win32
		{222D4BF6-6261-4378-AECA-E48949BF3C34}.Release|Win32.Build.0 = Release|Win32
		{B63D6BA1-0538-4B03-8F8A-3B8A1CB2D172}.Debug|Win32.ActiveCfg = Debug|Win32
		{B63D6BA1-0538-4B03-8F8A-3B8A1CB2D172}.Debug|Win32.Build.0 = Debug|Win32
		{B63D6BA1-0538-4B03-8F8A-3B8A1CB2D172}.Release|Win32.ActiveCfg = Release|Win32
		{B63D6BA1-0538-4B03-8F8A-3B8A1CB2D172}.Release|Win32.Build.0 = Release|Win32
		{F033453C-311B-4D3C-B11A-C473374570BA}.Debug|Win32.ActiveCfg = Debug|Win32
		{F033453C-311B-4D3C-B11A-C473374570BA}.Debug|Win32.Build.0 = Debug|Win32
		{F033453C-311B-4D3C-B11A-C473374570BA}.Release|Win32.ActiveCfg = Release|Win32
		{F033453C-311B-4D3C-B11A-C473374570BA}.Release|Win32.Build.0 = Release|Win32
		{F2BED60C-7340-4A77-B4F1-F60413645D4C}.Debug|Win32.ActiveCfg = Debug|Win32
		{F2BED60C-7340-4A77-B4F1-F60413645D4C}.Debug|Win32.Build.0 = Debug|Win32
		{F2BED60C-7340-4A77-B4F1-F60413645D4C}.Release|Win32.ActiveCfg = Release|Win32
		{F2BED60C-7340-4A77-B4F1-F60413645D4C}.Release|Win32.Build.0 = Release|Win32
		{0F5A8E7D-1A65-44D7-B3E9-53B6923ED661}.Debug|Win32.ActiveCfg = Debug|Win32
		{0F5A8E7D-1A65-44D7-B3E9-53B6923ED661}.Debug|Win32.Build.0 = Debug|Win32
		{0F5A8E7D-1A65-44D7-B3E9-53B6923ED661}.Release|Win32.ActiveCfg = Release|Win32
		{0F5A8E7D-1A65-44D7-B3E9-53B6923ED661}.Release|Win32.Build.0 = Release|Win32
		{5D8A5F08-879B-4F12-87DC-8DA0D85F9BB0}.Debug|Win32.ActiveCfg = Debug|Win32
		{5D8A5F08-879B-4F12-87DC-8DA0D85F9BB0}.Debug|Win32.Build.0 = Debug|Win32
		{5D8A5F08-879B-4F12-87DC-8DA0D85F9BB0}.Release|Win32.ActiveCfg = Release|Win32
		{5D8A5F08-879B-4F12-87DC-8DA0D85F9BB0}.Release|Win32.Build.0 = Release|Win32
		{EDEAFFBB-6115-497D-B899-4F4359D35B22}.Debug|Win32.ActiveCfg = Debug|Win32
		{EDEAFFBB-6115-497D-B899-4F4359D35B22}.Debug|Win32.Build.0 = Debug|Win32
		{EDEAFFBB-6115-497D-B899-4F4359D35B22}.Release|Win32.ActiveCfg = Release|Win32
		{EDEAFFBB-6115-497D-B899-4F4359D35B22}.Release|Win32.Build.0 = Release|Win32
		{DE187166-73EB-4415-9646-A0EF711800CB}.Debug|Win32.ActiveCfg = Debug|Win32
		{DE187166-73EB-4415-9646-A0EF711800CB}.Debug|Win32.Build.0 = Debug|Win32
		{DE187166-73EB-4415-9646-A0EF711800CB}.Release|Win32.ActiveCfg = Release|Win32
		{DE187166-73EB-4415-9646-A0EF711800CB}.Release|Win32.Build.0 = Release|Win32
		{5F990787-D2F1-4678-800A-D3226ED9AF5B}.Debug|Win32.ActiveCfg = Debug|Win32
		{5F990787-D2F1-4678-800A-D3226ED9AF5B}.Debug|Win32.Build.0 = Debug|Win32
		{5F990787-D2F1-4678-800A-D3226ED9AF5B}.Release|Win32.ActiveCfg = Release|Win32
		{5F990787-D2F1-4678-800A-D3226ED9AF5B}.Release|Win32.Build.0 = Release|Win32
		{415B2136-2CED-41F7-948B-9BCE617CCCCD}.Debug|Win32.ActiveCfg = Debug|Win32
		{415B2136-2CED-41F7-948B-9BCE617CCCCD}.Debug|Win32.Build.0 = Debug|Win32
		{415B2136-2CED-41F7-948B-9BCE617CCCCD}.Release|Win32.ActiveCfg = Release|Win32
		{415B2136-2CED-41F7-948B-9BCE617CCCCD}.Release|Win32.Build.0 = Release|Win32
		{55B1ED5C-FD8D-4B36-8381-2A179956E43C}.Debug|Win32.ActiveCfg = Debug|Win32
		{55B1ED5C-FD8D-4B36-8381-2A179956E43C}.Debug|Win32.Build.0 = Debug|Win32
		{55B1ED5C-FD8D-4B36-8381-2A179956E43C}.Release|Win32.ActiveCfg = Release|Win32
		{55B1ED5C-FD8D-4B36-8381-2A179956E43C}.Release|Win32.Build.0 = Release|Win32
		{5990A6F1-2336-4007-8717-A3F7E30815A3}.Debug|Win32.ActiveCfg = Debug|Win32
		{5990A6F1-2336-4007-8717-A3F7E30815A3}.Debug|Win32.Build.0 = Debug|Win32
		{5990A6F1-2336-4007-8717-A3F7E30815A3}.Release|Win32.ActiveCfg = Release|Win32
		{5990A6F1-2336-4007-8717-A3F7E30815A3}.Release|Win32.Build.0 = Release|Win32
		{A5C751B2-F499-4736-98EF-4CBD9F701C1D}.Debug|Win32.ActiveCfg = Debug|Win32
		{A5C751B2-F499-4736-98EF-4CBD9F701C1D}.Debug|Win32.Build.0 = Debug|Win32
		{A5C751B2-F499-4736-98EF-4CBD9F701C1D}.Release|Win32.ActiveCfg = Release|Win32
		{A5C751B2-F499-4736-98EF-4CBD9F701C1D}.Release|Win32.Build.0 = Release|Win32
		{0867B2AB-4884-42EA-815F-D0ED8CA8F313}.Debug|Win32.ActiveCfg = Debug|Win32
		{0867B2AB-4884-42EA-815F-D0ED8CA8F313}.Debug|Win32.Build.0 = Debug|Win32
		{0867B2AB-4884-42EA-815F-D0ED8CA8F313}.Release|Win32.ActiveCfg = Release|Win32
		{0867B2AB-4884-42EA-815F-D0ED8CA8F313}.Release|Win32.Build.0 = Release|Win32
		{A3012618-61D3-4308-9117-0365411524FB}.Debug|Win32.ActiveCfg = Debug|Win32
		{A3012618-61D3-4308-9117-0365411524FB}.Debug|Win32.Build.0 = Debug|Win32
		{A3012618-61D3-4308-9117-0365411524FB}.Release|Win32.ActiveCfg = Release|Win32
		{A3012618-61D3-4308-9117-0365411524FB}.Release|Win32.Build.0 = Release|Win32
		{55E44C23-759F-46F0-A6C1-0C8709FFC081}.Debug|Win32.ActiveCfg = Debug|Win32
		{55E44C23-759F-46F0-A6C1-0C8709FFC081}.Debug|Win32.Build.0 = Debug|Win32
		{55E44C23-759F-46F0-A6C1-0C8709FFC081}.Release|Win32.ActiveCfg = Release|Win32
		{55E44C23-759F-46F0-A6C1-0C8709FFC081}.Release|Win32.Build.0 = Release|Win32
		{16022BEA-8919-4126-B313-BB385808E220}.Debug|Win32.ActiveCfg = Debug|Win32
		{16022BEA-8919-4126-B313-BB385808E220}.Debug|Win32.Build.0 = Debug|Win32
		{16022BEA-8919-4126-B313-BB385808E220}.Release|Win32.ActiveCfg = Release|Win32
		{16022BEA-8919-4126-B313-BB385808E220}.Release|Win32.Build.0 = Release|Win32
	EndGlobalSection
	GlobalSection(SolutionProperties) = preSolution
		HideSolutionNode = FALSE
	EndGlobalSection
EndGlobal
