
Microsoft Visual Studio Solution File, Format Version 9.00
# Visual Studio 2005
Project("{8BC9CEB8-8B4A-11D0-8D11-00A0C91BC942}") = "svlBase", "msvc\svlBase.vcproj", "{0BAEC1D9-1F2C-45ED-9ADC-C30C6DCEDF61}"
EndProject
Project("{8BC9CEB8-8B4A-11D0-8D11-00A0C91BC942}") = "svlDeprecated", "msvc\svlDeprecated.vcproj", "{3E3D7D49-BCA4-427B-8FBA-0206C1B049D8}"
EndProject
Project("{8BC9CEB8-8B4A-11D0-8D11-00A0C91BC942}") = "svlDevel", "msvc\svlDevel.vcproj", "{5D86B5CA-5077-4595-916B-4A61E4197112}"
EndProject
Project("{8BC9CEB8-8B4A-11D0-8D11-00A0C91BC942}") = "svlML", "msvc\svlML.vcproj", "{FE09E0F0-D5BF-4D6D-A60D-D708DF9C7CEB}"
EndProject
Project("{8BC9CEB8-8B4A-11D0-8D11-00A0C91BC942}") = "svlPGM", "msvc\svlPGM.vcproj", "{F4208B17-6C43-4191-B1E1-127000CDD29F}"
EndProject
Project("{8BC9CEB8-8B4A-11D0-8D11-00A0C91BC942}") = "svlVision", "msvc\svlVision.vcproj", "{DF4170BC-DA77-49A3-A262-350392B8EFC7}"
EndProject
Global
	GlobalSection(SolutionConfigurationPlatforms) = preSolution
		Debug|Win32 = Debug|Win32
		Release|Win32 = Release|Win32
	EndGlobalSection
	GlobalSection(ProjectConfigurationPlatforms) = postSolution
		{0BAEC1D9-1F2C-45ED-9ADC-C30C6DCEDF61}.Debug|Win32.ActiveCfg = Debug|Win32
		{0BAEC1D9-1F2C-45ED-9ADC-C30C6DCEDF61}.Debug|Win32.Build.0 = Debug|Win32
		{0BAEC1D9-1F2C-45ED-9ADC-C30C6DCEDF61}.Release|Win32.ActiveCfg = Release|Win32
		{0BAEC1D9-1F2C-45ED-9ADC-C30C6DCEDF61}.Release|Win32.Build.0 = Release|Win32
		{3E3D7D49-BCA4-427B-8FBA-0206C1B049D8}.Debug|Win32.ActiveCfg = Debug|Win32
		{3E3D7D49-BCA4-427B-8FBA-0206C1B049D8}.Debug|Win32.Build.0 = Debug|Win32
		{3E3D7D49-BCA4-427B-8FBA-0206C1B049D8}.Release|Win32.ActiveCfg = Release|Win32
		{3E3D7D49-BCA4-427B-8FBA-0206C1B049D8}.Release|Win32.Build.0 = Release|Win32
		{5D86B5CA-5077-4595-916B-4A61E4197112}.Debug|Win32.ActiveCfg = Debug|Win32
		{5D86B5CA-5077-4595-916B-4A61E4197112}.Debug|Win32.Build.0 = Debug|Win32
		{5D86B5CA-5077-4595-916B-4A61E4197112}.Release|Win32.ActiveCfg = Release|Win32
		{5D86B5CA-5077-4595-916B-4A61E4197112}.Release|Win32.Build.0 = Release|Win32
		{FE09E0F0-D5BF-4D6D-A60D-D708DF9C7CEB}.Debug|Win32.ActiveCfg = Debug|Win32
		{FE09E0F0-D5BF-4D6D-A60D-D708DF9C7CEB}.Debug|Win32.Build.0 = Debug|Win32
		{FE09E0F0-D5BF-4D6D-A60D-D708DF9C7CEB}.Release|Win32.ActiveCfg = Release|Win32
		{FE09E0F0-D5BF-4D6D-A60D-D708DF9C7CEB}.Release|Win32.Build.0 = Release|Win32
		{F4208B17-6C43-4191-B1E1-127000CDD29F}.Debug|Win32.ActiveCfg = Debug|Win32
		{F4208B17-6C43-4191-B1E1-127000CDD29F}.Debug|Win32.Build.0 = Debug|Win32
		{F4208B17-6C43-4191-B1E1-127000CDD29F}.Release|Win32.ActiveCfg = Release|Win32
		{F4208B17-6C43-4191-B1E1-127000CDD29F}.Release|Win32.Build.0 = Release|Win32
		{DF4170BC-DA77-49A3-A262-350392B8EFC7}.Debug|Win32.ActiveCfg = Debug|Win32
		{DF4170BC-DA77-49A3-A262-350392B8EFC7}.Debug|Win32.Build.0 = Debug|Win32
		{DF4170BC-DA77-49A3-A262-350392B8EFC7}.Release|Win32.ActiveCfg = Release|Win32
		{DF4170BC-DA77-49A3-A262-350392B8EFC7}.Release|Win32.Build.0 = Release|Win32
	EndGlobalSection
	GlobalSection(SolutionProperties) = preSolution
		HideSolutionNode = FALSE
	EndGlobalSection
EndGlobal
