
Microsoft Visual Studio Solution File, Format Version 10.00
# Visual C++ Express 2008
Project("{8BC9CEB8-8B4A-11D0-8D11-00A0C91BC942}") = "ost", "ost.vcproj", "{FA5068C8-5847-4FBC-B94C-5C79CBA64977}"
EndProject
Global
	GlobalSection(SolutionConfigurationPlatforms) = preSolution
		Debug|Win32 = Debug|Win32
		Release|Win32 = Release|Win32
	EndGlobalSection
	GlobalSection(ProjectConfigurationPlatforms) = postSolution
		{FA5068C8-5847-4FBC-B94C-5C79CBA64977}.Debug|Win32.ActiveCfg = Debug|Win32
		{FA5068C8-5847-4FBC-B94C-5C79CBA64977}.Debug|Win32.Build.0 = Debug|Win32
		{FA5068C8-5847-4FBC-B94C-5C79CBA64977}.Release|Win32.ActiveCfg = Release|Win32
		{FA5068C8-5847-4FBC-B94C-5C79CBA64977}.Release|Win32.Build.0 = Release|Win32
	EndGlobalSection
	GlobalSection(SolutionProperties) = preSolution
		HideSolutionNode = FALSE
	EndGlobalSection
EndGlobal
